
Microsoft Visual Studio Solution File, Format Version 12.00
# Visual Studio Version 17
VisualStudioVersion = 17.9.34607.119
MinimumVisualStudioVersion = 10.0.40219.1
Project("{FAE04EC0-301F-11D3-BF4B-00C04F79EFBC}") = "PBO-TP-03", "PBO-TP-03\PBO-TP-03.csproj", "{95E66496-0081-405D-8699-76B21AEC6B36}"
EndProject
Global
	GlobalSection(SolutionConfigurationPlatforms) = preSolution
		Debug|Any CPU = Debug|Any CPU
		Release|Any CPU = Release|Any CPU
	EndGlobalSection
	GlobalSection(ProjectConfigurationPlatforms) = postSolution
		{95E66496-0081-405D-8699-76B21AEC6B36}.Debug|Any CPU.ActiveCfg = Debug|Any CPU
		{95E66496-0081-405D-8699-76B21AEC6B36}.Debug|Any CPU.Build.0 = Debug|Any CPU
		{95E66496-0081-405D-8699-76B21AEC6B36}.Release|Any CPU.ActiveCfg = Release|Any CPU
		{95E66496-0081-405D-8699-76B21AEC6B36}.Release|Any CPU.Build.0 = Release|Any CPU
	EndGlobalSection
	GlobalSection(SolutionProperties) = preSolution
		HideSolutionNode = FALSE
	EndGlobalSection
	GlobalSection(ExtensibilityGlobals) = postSolution
		SolutionGuid = {BFC69A2F-CB35-474E-A3B3-52AEEA1BAD72}
	EndGlobalSection
EndGlobal
